PODS:
  - AMPopTip (4.10.0)
  - RxCocoa (6.5.0):
    - RxRelay (= 6.5.0)
    - RxSwift (= 6.5.0)
  - RxRelay (6.5.0):
    - RxSwift (= 6.5.0)
  - RxSwift (6.5.0)
  - SnapKit (5.6.0)

DEPENDENCIES:
  - AMPopTip
  - RxCocoa (~> 6)
  - RxSwift (~> 6)
  - SnapKit (~> 5.6.0)

SPEC REPOS:
  trunk:
    - AMPopTip
    - RxCocoa
    - RxRelay
    - RxSwift
    - SnapKit

SPEC CHECKSUMS:
  AMPopTip: 4630471652faf06872f72a39bfcb6f5b68a7e208
  RxCocoa: 94f817b71c07517321eb4f9ad299112ca8af743b
  RxRelay: 1de1523e604c72b6c68feadedd1af3b1b4d0ecbd
  RxSwift: 5710a9e6b17f3c3d6e40d6e559b9fa1e813b2ef8
  SnapKit: e01d52ebb8ddbc333eefe2132acf85c8227d9c25

PODFILE CHECKSUM: c1ea3a386f22e2e82f587c7d195177a87be92573

COCOAPODS: 1.11.3
